
Microsoft Visual Studio Solution File, Format Version 12.00
# Visual Studio 15
VisualStudioVersion = 15.0.27004.2009
MinimumVisualStudioVersion = 10.0.40219.1
Project("{FAE04EC0-301F-11D3-BF4B-00C04F79EFBC}") = "WallThickness", "WallThickness.csproj", "{6DAE935C-8A0A-4E26-ABF1-160F79DD47AB}"
EndProject
Global
	GlobalSection(SolutionConfigurationPlatforms) = preSolution
		Debug|Any CPU = Debug|Any CPU
		Release|Any CPU = Release|Any CPU
	EndGlobalSection
	GlobalSection(ProjectConfigurationPlatforms) = postSolution
		{6DAE935C-8A0A-4E26-ABF1-160F79DD47AB}.Debug|Any CPU.ActiveCfg = Debug|Any CPU
		{6DAE935C-8A0A-4E26-ABF1-160F79DD47AB}.Debug|Any CPU.Build.0 = Debug|Any CPU
		{6DAE935C-8A0A-4E26-ABF1-160F79DD47AB}.Release|Any CPU.ActiveCfg = Release|Any CPU
		{6DAE935C-8A0A-4E26-ABF1-160F79DD47AB}.Release|Any CPU.Build.0 = Release|Any CPU
	EndGlobalSection
	GlobalSection(SolutionProperties) = preSolution
		HideSolutionNode = FALSE
	EndGlobalSection
	GlobalSection(ExtensibilityGlobals) = postSolution
		SolutionGuid = {19AA93A2-3B35-4231-8A63-1F049830B3D8}
	EndGlobalSection
EndGlobal
